// !$*UTF8*$!
{
	archiveVersion = 1;
	classes = {
	};
	objectVersion = 46;
	objects = {

/* Begin PBXBuildFile section */
		00E356F31AD99517003FC87E /* NewsAppTests.m in Sources */ = {isa = PBXBuildFile; fileRef = 00E356F21AD99517003FC87E /* NewsAppTests.m */; };
		13B07FBC1A68108700A75B9A /* AppDelegate.m in Sources */ = {isa = PBXBuildFile; fileRef = 13B07FB01A68108700A75B9A /* AppDelegate.m */; };
		13B07FBD1A68108700A75B9A /* LaunchScreen.xib in Resources */ = {isa = PBXBuildFile; fileRef = 13B07FB11A68108700A75B9A /* LaunchScreen.xib */; };
		13B07FBF1A68108700A75B9A /* Images.xcassets in Resources */ = {isa = PBXBuildFile; fileRef = 13B07FB51A68108700A75B9A /* Images.xcassets */; };
		13B07FC11A68108700A75B9A /* main.m in Sources */ = {isa = PBXBuildFile; fileRef = 13B07FB71A68108700A75B9A /* main.m */; };
		1688A0F55F6B99F9E657EC4B /* libPods-NewsApp-NewsAppTests.a in Frameworks */ = {isa = PBXBuildFile; fileRef = D60E5657C161AD5E5D250F0E /* libPods-NewsApp-NewsAppTests.a */; };
		2D02E4BC1E0B4A80006451C7 /* AppDelegate.m in Sources */ = {isa = PBXBuildFile; fileRef = 13B07FB01A68108700A75B9A /* AppDelegate.m */; };
		2D02E4BD1E0B4A84006451C7 /* Images.xcassets in Resources */ = {isa = PBXBuildFile; fileRef = 13B07FB51A68108700A75B9A /* Images.xcassets */; };
		2D02E4BF1E0B4AB3006451C7 /* main.m in Sources */ = {isa = PBXBuildFile; fileRef = 13B07FB71A68108700A75B9A /* main.m */; };
		2DCD954D1E0B4F2C00145EB5 /* NewsAppTests.m in Sources */ = {isa = PBXBuildFile; fileRef = 00E356F21AD99517003FC87E /* NewsAppTests.m */; };
		59D4CEFD972788AA6E82664C /* libPods-NewsApp-tvOS.a in Frameworks */ = {isa = PBXBuildFile; fileRef = 40CE38D05E22576A65CC694B /* libPods-NewsApp-tvOS.a */; };
		8C776B73C50E7010141E4BF3 /* libPods-NewsApp.a in Frameworks */ = {isa = PBXBuildFile; fileRef = 85168F432472C8F33CD49B25 /* libPods-NewsApp.a */; };
		D1289C175D625F3CDA759575 /* libPods-NewsApp-tvOSTests.a in Frameworks */ = {isa = PBXBuildFile; fileRef = 2DF4618E68366A9F070FCC47 /* libPods-NewsApp-tvOSTests.a */; };
		D3C5060BF8294A3C81E17462 /* AntDesign.ttf in Resources */ = {isa = PBXBuildFile; fileRef = 58D89A797AF941BBBDD3E95B /* AntDesign.ttf */; };
		B609531310AA44C69898CB09 /* Entypo.ttf in Resources */ = {isa = PBXBuildFile; fileRef = 3C1ED17287BD4314BD0C6C53 /* Entypo.ttf */; };
		FB8B1E70E14C4084B65C4221 /* EvilIcons.ttf in Resources */ = {isa = PBXBuildFile; fileRef = 3E0949CCD08F4CFCA306E516 /* EvilIcons.ttf */; };
		18523525554F4F879241D2B4 /* Feather.ttf in Resources */ = {isa = PBXBuildFile; fileRef = 95362D59632A415FBBED4C0D /* Feather.ttf */; };
		D54848B16A88468EA7279D8D /* FontAwesome.ttf in Resources */ = {isa = PBXBuildFile; fileRef = C69A4B59B00B48A6B09249E4 /* FontAwesome.ttf */; };
		620ECD13923A47EAB25B49A2 /* FontAwesome5_Brands.ttf in Resources */ = {isa = PBXBuildFile; fileRef = E80B55457EAD4D13A2CB5DCD /* FontAwesome5_Brands.ttf */; };
		521F987EF5274C9A8912EA09 /* FontAwesome5_Regular.ttf in Resources */ = {isa = PBXBuildFile; fileRef = C27B1FFF3DC14694B239A388 /* FontAwesome5_Regular.ttf */; };
		B7E073DA3AA241018C310E2C /* FontAwesome5_Solid.ttf in Resources */ = {isa = PBXBuildFile; fileRef = 656828C34AB34CCA80AD6D44 /* FontAwesome5_Solid.ttf */; };
		8A08AB9EC3AD4D5DA6A35E0C /* Fontisto.ttf in Resources */ = {isa = PBXBuildFile; fileRef = 95798261D9A546AD9DFC4A80 /* Fontisto.ttf */; };
		B5688461FA0547C590EF020E /* Foundation.ttf in Resources */ = {isa = PBXBuildFile; fileRef = 3699B6F8D1BC4B62BE47CC37 /* Foundation.ttf */; };
		5D8832097AF444A3B4457021 /* Ionicons.ttf in Resources */ = {isa = PBXBuildFile; fileRef = A634006E8C664AF1B63621FF /* Ionicons.ttf */; };
		9CDD3282DAC74ED187A19818 /* MaterialCommunityIcons.ttf in Resources */ = {isa = PBXBuildFile; fileRef = E09F2A997292483086C66ACF /* MaterialCommunityIcons.ttf */; };
		BAAA1CE475AE40DC9A0D21E8 /* MaterialIcons.ttf in Resources */ = {isa = PBXBuildFile; fileRef = CF64C3586BB44337859B9F9D /* MaterialIcons.ttf */; };
		DFF407B1D0B44C5EA882CA8D /* Octicons.ttf in Resources */ = {isa = PBXBuildFile; fileRef = BDB4B5ACE15545F5BE3575C5 /* Octicons.ttf */; };
		5D96EE91BF1940B985566453 /* SimpleLineIcons.ttf in Resources */ = {isa = PBXBuildFile; fileRef = 84682A622BBB4BB1A4FFF544 /* SimpleLineIcons.ttf */; };
		1026F737E910442A9A08B22C /* Zocial.ttf in Resources */ = {isa = PBXBuildFile; fileRef = FA53C7F3E1354DECBA8605F2 /* Zocial.ttf */; };
		9A61F8EC9A794FE480ADBF95 /* cheltenham-cond-normal-300.ttf in Resources */ = {isa = PBXBuildFile; fileRef = 5DE1872B7C8E4B3483F55E11 /* cheltenham-cond-normal-300.ttf */; };
		5760FD9A47D445E69F17FD92 /* cheltenham-cond-normal-500.ttf in Resources */ = {isa = PBXBuildFile; fileRef = 31A6F4526FE94975B6D4FF65 /* cheltenham-cond-normal-500.ttf */; };
		9D41081C5E64410B9AEA5FB3 /* cheltenham-cond-normal-700.ttf in Resources */ = {isa = PBXBuildFile; fileRef = 4A5F161F4527407EBDADD4A3 /* cheltenham-cond-normal-700.ttf */; };
		4B761084DD184130802836D9 /* cheltenham-italic-200.ttf in Resources */ = {isa = PBXBuildFile; fileRef = D38EE543CD5841E0999ED112 /* cheltenham-italic-200.ttf */; };
		5CB509EEED5E47C89B3C04DA /* cheltenham-italic-300.ttf in Resources */ = {isa = PBXBuildFile; fileRef = 247268F2FB85494ABCAB25A6 /* cheltenham-italic-300.ttf */; };
		E96BA8CE3E29420C82151C04 /* cheltenham-italic-400.ttf in Resources */ = {isa = PBXBuildFile; fileRef = B62D9AB8A0924AAFA80A6DAD /* cheltenham-italic-400.ttf */; };
		6BF43E61BF7845A197643CC6 /* cheltenham-italic-500.ttf in Resources */ = {isa = PBXBuildFile; fileRef = E9D04CC48C2041D4B8295B34 /* cheltenham-italic-500.ttf */; };
		ECF81BD410124A1AB3955107 /* cheltenham-italic-700.ttf in Resources */ = {isa = PBXBuildFile; fileRef = 1364BCE6D37446C7808C8644 /* cheltenham-italic-700.ttf */; };
		02EFCA2577FD47F3963C4B6B /* cheltenham-italic-800.ttf in Resources */ = {isa = PBXBuildFile; fileRef = CDB18565F87544C1A1AAFCEA /* cheltenham-italic-800.ttf */; };
		7FE357A2595546108743E7ED /* cheltenham-normal-200.ttf in Resources */ = {isa = PBXBuildFile; fileRef = F98DDDA4976B465BBD94D435 /* cheltenham-normal-200.ttf */; };
		A1DCA7EE287148C88A1908CE /* cheltenham-normal-300.ttf in Resources */ = {isa = PBXBuildFile; fileRef = 098621B08794432DB9117A2A /* cheltenham-normal-300.ttf */; };
		0E19426D9D764D0A92A626EB /* cheltenham-normal-400.ttf in Resources */ = {isa = PBXBuildFile; fileRef = 9270FB3D46244A49A12B5F4A /* cheltenham-normal-400.ttf */; };
		434F6C0E925944DF87B7FC28 /* cheltenham-normal-500.ttf in Resources */ = {isa = PBXBuildFile; fileRef = 275807500E6F4A5F9F254FE2 /* cheltenham-normal-500.ttf */; };
		E6BBB1C8683542258F5C9EF0 /* cheltenham-normal-700.ttf in Resources */ = {isa = PBXBuildFile; fileRef = 55892937D31A40778749E8D2 /* cheltenham-normal-700.ttf */; };
		8A15C7B45CC2475E86EF4B0E /* cheltenham-normal-800.ttf in Resources */ = {isa = PBXBuildFile; fileRef = A0B75B69AD76488296908280 /* cheltenham-normal-800.ttf */; };
		ADA7FC164EC54F88A28A46A6 /* cheltenham-scaps-normal-300.ttf in Resources */ = {isa = PBXBuildFile; fileRef = 7AE18C74DC97457896831F5C /* cheltenham-scaps-normal-300.ttf */; };
		8962C34970764A48A6F7290E /* cheltenham-small-italic-400.ttf in Resources */ = {isa = PBXBuildFile; fileRef = BC8953245D85401A9B488837 /* cheltenham-small-italic-400.ttf */; };
		9D6A044401DD411E9175141A /* cheltenham-small-italic-700.ttf in Resources */ = {isa = PBXBuildFile; fileRef = 843CD1DA7D9B4D0C8D1F6BD3 /* cheltenham-small-italic-700.ttf */; };
		C7D95C0BBDD8468EB67C4689 /* cheltenham-small-normal-400.ttf in Resources */ = {isa = PBXBuildFile; fileRef = A2633371846C4DA2909B7DB0 /* cheltenham-small-normal-400.ttf */; };
		DE53C60595ED44029D5976DB /* cheltenham-small-normal-700.ttf in Resources */ = {isa = PBXBuildFile; fileRef = 3C23111BBA9A43B5A129299C /* cheltenham-small-normal-700.ttf */; };
		0FE357DA9C6C4302AA3F3EAE /* cheltenham-wide-italic-400.ttf in Resources */ = {isa = PBXBuildFile; fileRef = 5E9004AA976F44FC90610C7E /* cheltenham-wide-italic-400.ttf */; };
		5877EBA5C2E84F20AAF159BB /* cheltenham-wide-normal-400.ttf in Resources */ = {isa = PBXBuildFile; fileRef = 5A0896B095F2480291DF004A /* cheltenham-wide-normal-400.ttf */; };
		310BE1C61604400EA1FFA605 /* cheltenham-xcond-normal-700.ttf in Resources */ = {isa = PBXBuildFile; fileRef = 11017EA2B18C4DF49B5F5624 /* cheltenham-xcond-normal-700.ttf */; };
		96280A6C3F9C4BFF98F7F95D /* imperial-italic-500.ttf in Resources */ = {isa = PBXBuildFile; fileRef = 95F1E1FC33804B0B86CD7D27 /* imperial-italic-500.ttf */; };
		9F93ED80A4AA4AF29AFE98F3 /* imperial-italic-600.ttf in Resources */ = {isa = PBXBuildFile; fileRef = B39DCA370CCB4D2A894B2324 /* imperial-italic-600.ttf */; };
		C9F27141A4544809B1662B52 /* imperial-italic-700.ttf in Resources */ = {isa = PBXBuildFile; fileRef = 09386C792C6348C59DE4E6A0 /* imperial-italic-700.ttf */; };
		CE1628A13FC345F29D4DB225 /* imperial-normal-500.ttf in Resources */ = {isa = PBXBuildFile; fileRef = 71336E8BBB7849AAA2CFCA23 /* imperial-normal-500.ttf */; };
		8FA43010923643EAB6E6D61D /* imperial-normal-600.ttf in Resources */ = {isa = PBXBuildFile; fileRef = BF9728BB52B64B1A87AC99C2 /* imperial-normal-600.ttf */; };
		060E0DD1DAB7428D84FD6A31 /* imperial-normal-700.ttf in Resources */ = {isa = PBXBuildFile; fileRef = 83B176955E9849BDB1D49B52 /* imperial-normal-700.ttf */; };
/* End PBXBuildFile section */

/* Begin PBXContainerItemProxy section */
		00E356F41AD99517003FC87E /* PBXContainerItemProxy */ = {
			isa = PBXContainerItemProxy;
			containerPortal = 83CBB9F71A601CBA00E9B192 /* Project object */;
			proxyType = 1;
			remoteGlobalIDString = 13B07F861A680F5B00A75B9A;
			remoteInfo = NewsApp;
		};
		2D02E4911E0B4A5D006451C7 /* PBXContainerItemProxy */ = {
			isa = PBXContainerItemProxy;
			containerPortal = 83CBB9F71A601CBA00E9B192 /* Project object */;
			proxyType = 1;
			remoteGlobalIDString = 2D02E47A1E0B4A5D006451C7;
			remoteInfo = "NewsApp-tvOS";
		};
/* End PBXContainerItemProxy section */

/* Begin PBXFileReference section */
		008F07F21AC5B25A0029DE68 /* main.jsbundle */ = {isa = PBXFileReference; fileEncoding = 4; lastKnownFileType = text; path = main.jsbundle; sourceTree = "<group>"; };
		00E356EE1AD99517003FC87E /* NewsAppTests.xctest */ = {isa = PBXFileReference; explicitFileType = wrapper.cfbundle; includeInIndex = 0; path = NewsAppTests.xctest; sourceTree = BUILT_PRODUCTS_DIR; };
		00E356F11AD99517003FC87E /* Info.plist */ = {isa = PBXFileReference; lastKnownFileType = text.plist.xml; path = Info.plist; sourceTree = "<group>"; };
		00E356F21AD99517003FC87E /* NewsAppTests.m */ = {isa = PBXFileReference; lastKnownFileType = sourcecode.c.objc; path = NewsAppTests.m; sourceTree = "<group>"; };
		02EE0C5092E7F82DEDE469B7 /* Pods-NewsApp.debug.xcconfig */ = {isa = PBXFileReference; includeInIndex = 1; lastKnownFileType = text.xcconfig; name = "Pods-NewsApp.debug.xcconfig"; path = "Target Support Files/Pods-NewsApp/Pods-NewsApp.debug.xcconfig"; sourceTree = "<group>"; };
		0E06AD658D03A48AA031642C /* Pods-NewsApp-tvOS.debug.xcconfig */ = {isa = PBXFileReference; includeInIndex = 1; lastKnownFileType = text.xcconfig; name = "Pods-NewsApp-tvOS.debug.xcconfig"; path = "Target Support Files/Pods-NewsApp-tvOS/Pods-NewsApp-tvOS.debug.xcconfig"; sourceTree = "<group>"; };
		13B07F961A680F5B00A75B9A /* NewsApp.app */ = {isa = PBXFileReference; explicitFileType = wrapper.application; includeInIndex = 0; path = NewsApp.app; sourceTree = BUILT_PRODUCTS_DIR; };
		13B07FAF1A68108700A75B9A /* AppDelegate.h */ = {isa = PBXFileReference; fileEncoding = 4; lastKnownFileType = sourcecode.c.h; name = AppDelegate.h; path = NewsApp/AppDelegate.h; sourceTree = "<group>"; };
		13B07FB01A68108700A75B9A /* AppDelegate.m */ = {isa = PBXFileReference; fileEncoding = 4; lastKnownFileType = sourcecode.c.objc; name = AppDelegate.m; path = NewsApp/AppDelegate.m; sourceTree = "<group>"; };
		13B07FB21A68108700A75B9A /* Base */ = {isa = PBXFileReference; lastKnownFileType = file.xib; name = Base; path = Base.lproj/LaunchScreen.xib; sourceTree = "<group>"; };
		13B07FB51A68108700A75B9A /* Images.xcassets */ = {isa = PBXFileReference; lastKnownFileType = folder.assetcatalog; name = Images.xcassets; path = NewsApp/Images.xcassets; sourceTree = "<group>"; };
		13B07FB61A68108700A75B9A /* Info.plist */ = {isa = PBXFileReference; fileEncoding = 4; lastKnownFileType = text.plist.xml; name = Info.plist; path = NewsApp/Info.plist; sourceTree = "<group>"; };
		13B07FB71A68108700A75B9A /* main.m */ = {isa = PBXFileReference; fileEncoding = 4; lastKnownFileType = sourcecode.c.objc; name = main.m; path = NewsApp/main.m; sourceTree = "<group>"; };
		1F40F19BF0A352ABEE3D02BE /* Pods-NewsApp-NewsAppTests.debug.xcconfig */ = {isa = PBXFileReference; includeInIndex = 1; lastKnownFileType = text.xcconfig; name = "Pods-NewsApp-NewsAppTests.debug.xcconfig"; path = "Target Support Files/Pods-NewsApp-NewsAppTests/Pods-NewsApp-NewsAppTests.debug.xcconfig"; sourceTree = "<group>"; };
		2D02E47B1E0B4A5D006451C7 /* NewsApp-tvOS.app */ = {isa = PBXFileReference; explicitFileType = wrapper.application; includeInIndex = 0; path = "NewsApp-tvOS.app"; sourceTree = BUILT_PRODUCTS_DIR; };
		2D02E4901E0B4A5D006451C7 /* NewsApp-tvOSTests.xctest */ = {isa = PBXFileReference; explicitFileType = wrapper.cfbundle; includeInIndex = 0; path = "NewsApp-tvOSTests.xctest"; sourceTree = BUILT_PRODUCTS_DIR; };
		2DF4618E68366A9F070FCC47 /* libPods-NewsApp-tvOSTests.a */ = {isa = PBXFileReference; explicitFileType = archive.ar; includeInIndex = 0; path = "libPods-NewsApp-tvOSTests.a"; sourceTree = BUILT_PRODUCTS_DIR; };
		40CE38D05E22576A65CC694B /* libPods-NewsApp-tvOS.a */ = {isa = PBXFileReference; explicitFileType = archive.ar; includeInIndex = 0; path = "libPods-NewsApp-tvOS.a"; sourceTree = BUILT_PRODUCTS_DIR; };
		5A7FCE5DF516F3828BF12D6E /* Pods-NewsApp-NewsAppTests.release.xcconfig */ = {isa = PBXFileReference; includeInIndex = 1; lastKnownFileType = text.xcconfig; name = "Pods-NewsApp-NewsAppTests.release.xcconfig"; path = "Target Support Files/Pods-NewsApp-NewsAppTests/Pods-NewsApp-NewsAppTests.release.xcconfig"; sourceTree = "<group>"; };
		63AC1E5CD40E219D96324D17 /* Pods-NewsApp-tvOS.release.xcconfig */ = {isa = PBXFileReference; includeInIndex = 1; lastKnownFileType = text.xcconfig; name = "Pods-NewsApp-tvOS.release.xcconfig"; path = "Target Support Files/Pods-NewsApp-tvOS/Pods-NewsApp-tvOS.release.xcconfig"; sourceTree = "<group>"; };
		85168F432472C8F33CD49B25 /* libPods-NewsApp.a */ = {isa = PBXFileReference; explicitFileType = archive.ar; includeInIndex = 0; path = "libPods-NewsApp.a"; sourceTree = BUILT_PRODUCTS_DIR; };
		B95F9018C6088352B5CE04B4 /* Pods-NewsApp.release.xcconfig */ = {isa = PBXFileReference; includeInIndex = 1; lastKnownFileType = text.xcconfig; name = "Pods-NewsApp.release.xcconfig"; path = "Target Support Files/Pods-NewsApp/Pods-NewsApp.release.xcconfig"; sourceTree = "<group>"; };
		C2F36AE0069F62707C0A9B8C /* Pods-NewsApp-tvOSTests.release.xcconfig */ = {isa = PBXFileReference; includeInIndex = 1; lastKnownFileType = text.xcconfig; name = "Pods-NewsApp-tvOSTests.release.xcconfig"; path = "Target Support Files/Pods-NewsApp-tvOSTests/Pods-NewsApp-tvOSTests.release.xcconfig"; sourceTree = "<group>"; };
		D140F4A5EF6D563EEA5BE8EF /* Pods-NewsApp-tvOSTests.debug.xcconfig */ = {isa = PBXFileReference; includeInIndex = 1; lastKnownFileType = text.xcconfig; name = "Pods-NewsApp-tvOSTests.debug.xcconfig"; path = "Target Support Files/Pods-NewsApp-tvOSTests/Pods-NewsApp-tvOSTests.debug.xcconfig"; sourceTree = "<group>"; };
		D60E5657C161AD5E5D250F0E /* libPods-NewsApp-NewsAppTests.a */ = {isa = PBXFileReference; explicitFileType = archive.ar; includeInIndex = 0; path = "libPods-NewsApp-NewsAppTests.a"; sourceTree = BUILT_PRODUCTS_DIR; };
		ED297162215061F000B7C4FE /* JavaScriptCore.framework */ = {isa = PBXFileReference; lastKnownFileType = wrapper.framework; name = JavaScriptCore.framework; path = System/Library/Frameworks/JavaScriptCore.framework; sourceTree = SDKROOT; };
		ED2971642150620600B7C4FE /* JavaScriptCore.framework */ = {isa = PBXFileReference; lastKnownFileType = wrapper.framework; name = JavaScriptCore.framework; path = Platforms/AppleTVOS.platform/Developer/SDKs/AppleTVOS12.0.sdk/System/Library/Frameworks/JavaScriptCore.framework; sourceTree = DEVELOPER_DIR; };
		ED4EC59434E3468F92D3F548 /* AntDesign.ttf */ = {isa = PBXFileReference; name = "AntDesign.ttf"; path = "../node_modules/react-native-vector-icons/Fonts/AntDesign.ttf"; sourceTree = "<group>"; fileEncoding = undefined; lastKnownFileType = unknown; explicitFileType = undefined; includeInIndex = 0; };
		5820A6E5536348F4B055DF83 /* Entypo.ttf */ = {isa = PBXFileReference; name = "Entypo.ttf"; path = "../node_modules/react-native-vector-icons/Fonts/Entypo.ttf"; sourceTree = "<group>"; fileEncoding = undefined; lastKnownFileType = unknown; explicitFileType = undefined; includeInIndex = 0; };
		9DDAF4E114254905A72B0877 /* EvilIcons.ttf */ = {isa = PBXFileReference; name = "EvilIcons.ttf"; path = "../node_modules/react-native-vector-icons/Fonts/EvilIcons.ttf"; sourceTree = "<group>"; fileEncoding = undefined; lastKnownFileType = unknown; explicitFileType = undefined; includeInIndex = 0; };
		CE1D2EB14C194C388C78EE47 /* Feather.ttf */ = {isa = PBXFileReference; name = "Feather.ttf"; path = "../node_modules/react-native-vector-icons/Fonts/Feather.ttf"; sourceTree = "<group>"; fileEncoding = undefined; lastKnownFileType = unknown; explicitFileType = undefined; includeInIndex = 0; };
		8B5D2E5B38084797B4E701CD /* FontAwesome.ttf */ = {isa = PBXFileReference; name = "FontAwesome.ttf"; path = "../node_modules/react-native-vector-icons/Fonts/FontAwesome.ttf"; sourceTree = "<group>"; fileEncoding = undefined; lastKnownFileType = unknown; explicitFileType = undefined; includeInIndex = 0; };
		33100025E3324C6383C98256 /* FontAwesome5_Brands.ttf */ = {isa = PBXFileReference; name = "FontAwesome5_Brands.ttf"; path = "../node_modules/react-native-vector-icons/Fonts/FontAwesome5_Brands.ttf"; sourceTree = "<group>"; fileEncoding = undefined; lastKnownFileType = unknown; explicitFileType = undefined; includeInIndex = 0; };
		AC4FEF5BB6DA4484BCCE3767 /* FontAwesome5_Regular.ttf */ = {isa = PBXFileReference; name = "FontAwesome5_Regular.ttf"; path = "../node_modules/react-native-vector-icons/Fonts/FontAwesome5_Regular.ttf"; sourceTree = "<group>"; fileEncoding = undefined; lastKnownFileType = unknown; explicitFileType = undefined; includeInIndex = 0; };
		76BA6391481E44B09FF70144 /* FontAwesome5_Solid.ttf */ = {isa = PBXFileReference; name = "FontAwesome5_Solid.ttf"; path = "../node_modules/react-native-vector-icons/Fonts/FontAwesome5_Solid.ttf"; sourceTree = "<group>"; fileEncoding = undefined; lastKnownFileType = unknown; explicitFileType = undefined; includeInIndex = 0; };
		FE6A2E0668A643E5B82B5B2C /* Fontisto.ttf */ = {isa = PBXFileReference; name = "Fontisto.ttf"; path = "../node_modules/react-native-vector-icons/Fonts/Fontisto.ttf"; sourceTree = "<group>"; fileEncoding = undefined; lastKnownFileType = unknown; explicitFileType = undefined; includeInIndex = 0; };
		018C8683042C40E38D09DA28 /* Foundation.ttf */ = {isa = PBXFileReference; name = "Foundation.ttf"; path = "../node_modules/react-native-vector-icons/Fonts/Foundation.ttf"; sourceTree = "<group>"; fileEncoding = undefined; lastKnownFileType = unknown; explicitFileType = undefined; includeInIndex = 0; };
		6EE9908CE9DF40E4883B1A8B /* Ionicons.ttf */ = {isa = PBXFileReference; name = "Ionicons.ttf"; path = "../node_modules/react-native-vector-icons/Fonts/Ionicons.ttf"; sourceTree = "<group>"; fileEncoding = undefined; lastKnownFileType = unknown; explicitFileType = undefined; includeInIndex = 0; };
		7C5E4EF552B347CB9266247F /* MaterialCommunityIcons.ttf */ = {isa = PBXFileReference; name = "MaterialCommunityIcons.ttf"; path = "../node_modules/react-native-vector-icons/Fonts/MaterialCommunityIcons.ttf"; sourceTree = "<group>"; fileEncoding = undefined; lastKnownFileType = unknown; explicitFileType = undefined; includeInIndex = 0; };
		5BEBAE5EB1B1475E825837BB /* MaterialIcons.ttf */ = {isa = PBXFileReference; name = "MaterialIcons.ttf"; path = "../node_modules/react-native-vector-icons/Fonts/MaterialIcons.ttf"; sourceTree = "<group>"; fileEncoding = undefined; lastKnownFileType = unknown; explicitFileType = undefined; includeInIndex = 0; };
		35F0D775A0974796A130E68E /* Octicons.ttf */ = {isa = PBXFileReference; name = "Octicons.ttf"; path = "../node_modules/react-native-vector-icons/Fonts/Octicons.ttf"; sourceTree = "<group>"; fileEncoding = undefined; lastKnownFileType = unknown; explicitFileType = undefined; includeInIndex = 0; };
		71E857F34B96458E82EA13CB /* SimpleLineIcons.ttf */ = {isa = PBXFileReference; name = "SimpleLineIcons.ttf"; path = "../node_modules/react-native-vector-icons/Fonts/SimpleLineIcons.ttf"; sourceTree = "<group>"; fileEncoding = undefined; lastKnownFileType = unknown; explicitFileType = undefined; includeInIndex = 0; };
		483C2774EC9545149937B88D /* Zocial.ttf */ = {isa = PBXFileReference; name = "Zocial.ttf"; path = "../node_modules/react-native-vector-icons/Fonts/Zocial.ttf"; sourceTree = "<group>"; fileEncoding = undefined; lastKnownFileType = unknown; explicitFileType = undefined; includeInIndex = 0; };
		5DE1872B7C8E4B3483F55E11 /* cheltenham-cond-normal-300.ttf */ = {isa = PBXFileReference; name = "cheltenham-cond-normal-300.ttf"; path = "../assets/fonts/cheltenham/cheltenham-cond-normal-300.ttf"; sourceTree = "<group>"; fileEncoding = undefined; lastKnownFileType = unknown; explicitFileType = undefined; includeInIndex = 0; };
		31A6F4526FE94975B6D4FF65 /* cheltenham-cond-normal-500.ttf */ = {isa = PBXFileReference; name = "cheltenham-cond-normal-500.ttf"; path = "../assets/fonts/cheltenham/cheltenham-cond-normal-500.ttf"; sourceTree = "<group>"; fileEncoding = undefined; lastKnownFileType = unknown; explicitFileType = undefined; includeInIndex = 0; };
		4A5F161F4527407EBDADD4A3 /* cheltenham-cond-normal-700.ttf */ = {isa = PBXFileReference; name = "cheltenham-cond-normal-700.ttf"; path = "../assets/fonts/cheltenham/cheltenham-cond-normal-700.ttf"; sourceTree = "<group>"; fileEncoding = undefined; lastKnownFileType = unknown; explicitFileType = undefined; includeInIndex = 0; };
		D38EE543CD5841E0999ED112 /* cheltenham-italic-200.ttf */ = {isa = PBXFileReference; name = "cheltenham-italic-200.ttf"; path = "../assets/fonts/cheltenham/cheltenham-italic-200.ttf"; sourceTree = "<group>"; fileEncoding = undefined; lastKnownFileType = unknown; explicitFileType = undefined; includeInIndex = 0; };
		247268F2FB85494ABCAB25A6 /* cheltenham-italic-300.ttf */ = {isa = PBXFileReference; name = "cheltenham-italic-300.ttf"; path = "../assets/fonts/cheltenham/cheltenham-italic-300.ttf"; sourceTree = "<group>"; fileEncoding = undefined; lastKnownFileType = unknown; explicitFileType = undefined; includeInIndex = 0; };
		B62D9AB8A0924AAFA80A6DAD /* cheltenham-italic-400.ttf */ = {isa = PBXFileReference; name = "cheltenham-italic-400.ttf"; path = "../assets/fonts/cheltenham/cheltenham-italic-400.ttf"; sourceTree = "<group>"; fileEncoding = undefined; lastKnownFileType = unknown; explicitFileType = undefined; includeInIndex = 0; };
		E9D04CC48C2041D4B8295B34 /* cheltenham-italic-500.ttf */ = {isa = PBXFileReference; name = "cheltenham-italic-500.ttf"; path = "../assets/fonts/cheltenham/cheltenham-italic-500.ttf"; sourceTree = "<group>"; fileEncoding = undefined; lastKnownFileType = unknown; explicitFileType = undefined; includeInIndex = 0; };
		1364BCE6D37446C7808C8644 /* cheltenham-italic-700.ttf */ = {isa = PBXFileReference; name = "cheltenham-italic-700.ttf"; path = "../assets/fonts/cheltenham/cheltenham-italic-700.ttf"; sourceTree = "<group>"; fileEncoding = undefined; lastKnownFileType = unknown; explicitFileType = undefined; includeInIndex = 0; };
		CDB18565F87544C1A1AAFCEA /* cheltenham-italic-800.ttf */ = {isa = PBXFileReference; name = "cheltenham-italic-800.ttf"; path = "../assets/fonts/cheltenham/cheltenham-italic-800.ttf"; sourceTree = "<group>"; fileEncoding = undefined; lastKnownFileType = unknown; explicitFileType = undefined; includeInIndex = 0; };
		F98DDDA4976B465BBD94D435 /* cheltenham-normal-200.ttf */ = {isa = PBXFileReference; name = "cheltenham-normal-200.ttf"; path = "../assets/fonts/cheltenham/cheltenham-normal-200.ttf"; sourceTree = "<group>"; fileEncoding = undefined; lastKnownFileType = unknown; explicitFileType = undefined; includeInIndex = 0; };
		098621B08794432DB9117A2A /* cheltenham-normal-300.ttf */ = {isa = PBXFileReference; name = "cheltenham-normal-300.ttf"; path = "../assets/fonts/cheltenham/cheltenham-normal-300.ttf"; sourceTree = "<group>"; fileEncoding = undefined; lastKnownFileType = unknown; explicitFileType = undefined; includeInIndex = 0; };
		9270FB3D46244A49A12B5F4A /* cheltenham-normal-400.ttf */ = {isa = PBXFileReference; name = "cheltenham-normal-400.ttf"; path = "../assets/fonts/cheltenham/cheltenham-normal-400.ttf"; sourceTree = "<group>"; fileEncoding = undefined; lastKnownFileType = unknown; explicitFileType = undefined; includeInIndex = 0; };
		275807500E6F4A5F9F254FE2 /* cheltenham-normal-500.ttf */ = {isa = PBXFileReference; name = "cheltenham-normal-500.ttf"; path = "../assets/fonts/cheltenham/cheltenham-normal-500.ttf"; sourceTree = "<group>"; fileEncoding = undefined; lastKnownFileType = unknown; explicitFileType = undefined; includeInIndex = 0; };
		55892937D31A40778749E8D2 /* cheltenham-normal-700.ttf */ = {isa = PBXFileReference; name = "cheltenham-normal-700.ttf"; path = "../assets/fonts/cheltenham/cheltenham-normal-700.ttf"; sourceTree = "<group>"; fileEncoding = undefined; lastKnownFileType = unknown; explicitFileType = undefined; includeInIndex = 0; };
		A0B75B69AD76488296908280 /* cheltenham-normal-800.ttf */ = {isa = PBXFileReference; name = "cheltenham-normal-800.ttf"; path = "../assets/fonts/cheltenham/cheltenham-normal-800.ttf"; sourceTree = "<group>"; fileEncoding = undefined; lastKnownFileType = unknown; explicitFileType = undefined; includeInIndex = 0; };
		7AE18C74DC97457896831F5C /* cheltenham-scaps-normal-300.ttf */ = {isa = PBXFileReference; name = "cheltenham-scaps-normal-300.ttf"; path = "../assets/fonts/cheltenham/cheltenham-scaps-normal-300.ttf"; sourceTree = "<group>"; fileEncoding = undefined; lastKnownFileType = unknown; explicitFileType = undefined; includeInIndex = 0; };
		BC8953245D85401A9B488837 /* cheltenham-small-italic-400.ttf */ = {isa = PBXFileReference; name = "cheltenham-small-italic-400.ttf"; path = "../assets/fonts/cheltenham/cheltenham-small-italic-400.ttf"; sourceTree = "<group>"; fileEncoding = undefined; lastKnownFileType = unknown; explicitFileType = undefined; includeInIndex = 0; };
		843CD1DA7D9B4D0C8D1F6BD3 /* cheltenham-small-italic-700.ttf */ = {isa = PBXFileReference; name = "cheltenham-small-italic-700.ttf"; path = "../assets/fonts/cheltenham/cheltenham-small-italic-700.ttf"; sourceTree = "<group>"; fileEncoding = undefined; lastKnownFileType = unknown; explicitFileType = undefined; includeInIndex = 0; };
		A2633371846C4DA2909B7DB0 /* cheltenham-small-normal-400.ttf */ = {isa = PBXFileReference; name = "cheltenham-small-normal-400.ttf"; path = "../assets/fonts/cheltenham/cheltenham-small-normal-400.ttf"; sourceTree = "<group>"; fileEncoding = undefined; lastKnownFileType = unknown; explicitFileType = undefined; includeInIndex = 0; };
		3C23111BBA9A43B5A129299C /* cheltenham-small-normal-700.ttf */ = {isa = PBXFileReference; name = "cheltenham-small-normal-700.ttf"; path = "../assets/fonts/cheltenham/cheltenham-small-normal-700.ttf"; sourceTree = "<group>"; fileEncoding = undefined; lastKnownFileType = unknown; explicitFileType = undefined; includeInIndex = 0; };
		5E9004AA976F44FC90610C7E /* cheltenham-wide-italic-400.ttf */ = {isa = PBXFileReference; name = "cheltenham-wide-italic-400.ttf"; path = "../assets/fonts/cheltenham/cheltenham-wide-italic-400.ttf"; sourceTree = "<group>"; fileEncoding = undefined; lastKnownFileType = unknown; explicitFileType = undefined; includeInIndex = 0; };
		5A0896B095F2480291DF004A /* cheltenham-wide-normal-400.ttf */ = {isa = PBXFileReference; name = "cheltenham-wide-normal-400.ttf"; path = "../assets/fonts/cheltenham/cheltenham-wide-normal-400.ttf"; sourceTree = "<group>"; fileEncoding = undefined; lastKnownFileType = unknown; explicitFileType = undefined; includeInIndex = 0; };
		11017EA2B18C4DF49B5F5624 /* cheltenham-xcond-normal-700.ttf */ = {isa = PBXFileReference; name = "cheltenham-xcond-normal-700.ttf"; path = "../assets/fonts/cheltenham/cheltenham-xcond-normal-700.ttf"; sourceTree = "<group>"; fileEncoding = undefined; lastKnownFileType = unknown; explicitFileType = undefined; includeInIndex = 0; };
		95F1E1FC33804B0B86CD7D27 /* imperial-italic-500.ttf */ = {isa = PBXFileReference; name = "imperial-italic-500.ttf"; path = "../assets/fonts/imperial/imperial-italic-500.ttf"; sourceTree = "<group>"; fileEncoding = undefined; lastKnownFileType = unknown; explicitFileType = undefined; includeInIndex = 0; };
		B39DCA370CCB4D2A894B2324 /* imperial-italic-600.ttf */ = {isa = PBXFileReference; name = "imperial-italic-600.ttf"; path = "../assets/fonts/imperial/imperial-italic-600.ttf"; sourceTree = "<group>"; fileEncoding = undefined; lastKnownFileType = unknown; explicitFileType = undefined; includeInIndex = 0; };
		09386C792C6348C59DE4E6A0 /* imperial-italic-700.ttf */ = {isa = PBXFileReference; name = "imperial-italic-700.ttf"; path = "../assets/fonts/imperial/imperial-italic-700.ttf"; sourceTree = "<group>"; fileEncoding = undefined; lastKnownFileType = unknown; explicitFileType = undefined; includeInIndex = 0; };
		71336E8BBB7849AAA2CFCA23 /* imperial-normal-500.ttf */ = {isa = PBXFileReference; name = "imperial-normal-500.ttf"; path = "../assets/fonts/imperial/imperial-normal-500.ttf"; sourceTree = "<group>"; fileEncoding = undefined; lastKnownFileType = unknown; explicitFileType = undefined; includeInIndex = 0; };
		BF9728BB52B64B1A87AC99C2 /* imperial-normal-600.ttf */ = {isa = PBXFileReference; name = "imperial-normal-600.ttf"; path = "../assets/fonts/imperial/imperial-normal-600.ttf"; sourceTree = "<group>"; fileEncoding = undefined; lastKnownFileType = unknown; explicitFileType = undefined; includeInIndex = 0; };
		83B176955E9849BDB1D49B52 /* imperial-normal-700.ttf */ = {isa = PBXFileReference; name = "imperial-normal-700.ttf"; path = "../assets/fonts/imperial/imperial-normal-700.ttf"; sourceTree = "<group>"; fileEncoding = undefined; lastKnownFileType = unknown; explicitFileType = undefined; includeInIndex = 0; };
		D0346038CD3140B78CF79E31 /* imperial-normal-500.ttf */ = {isa = PBXFileReference; name = "imperial-normal-500.ttf"; path = "../assets/fonts/imperial-normal-500.ttf"; sourceTree = "<group>"; fileEncoding = undefined; lastKnownFileType = unknown; explicitFileType = undefined; includeInIndex = 0; };
/* End PBXFileReference section */

/* Begin PBXFrameworksBuildPhase section */
		00E356EB1AD99517003FC87E /* Frameworks */ = {
			isa = PBXFrameworksBuildPhase;
			buildActionMask = 2147483647;
			files = (
				1688A0F55F6B99F9E657EC4B /* libPods-NewsApp-NewsAppTests.a in Frameworks */,
			);
			runOnlyForDeploymentPostprocessing = 0;
		};
		13B07F8C1A680F5B00A75B9A /* Frameworks */ = {
			isa = PBXFrameworksBuildPhase;
			buildActionMask = 2147483647;
			files = (
				8C776B73C50E7010141E4BF3 /* libPods-NewsApp.a in Frameworks */,
			);
			runOnlyForDeploymentPostprocessing = 0;
		};
		2D02E4781E0B4A5D006451C7 /* Frameworks */ = {
			isa = PBXFrameworksBuildPhase;
			buildActionMask = 2147483647;
			files = (
				59D4CEFD972788AA6E82664C /* libPods-NewsApp-tvOS.a in Frameworks */,
			);
			runOnlyForDeploymentPostprocessing = 0;
		};
		2D02E48D1E0B4A5D006451C7 /* Frameworks */ = {
			isa = PBXFrameworksBuildPhase;
			buildActionMask = 2147483647;
			files = (
				D1289C175D625F3CDA759575 /* libPods-NewsApp-tvOSTests.a in Frameworks */,
			);
			runOnlyForDeploymentPostprocessing = 0;
		};
/* End PBXFrameworksBuildPhase section */

/* Begin PBXGroup section */
		00E356EF1AD99517003FC87E /* NewsAppTests */ = {
			isa = PBXGroup;
			children = (
				00E356F21AD99517003FC87E /* NewsAppTests.m */,
				00E356F01AD99517003FC87E /* Supporting Files */,
			);
			path = NewsAppTests;
			sourceTree = "<group>";
		};
		00E356F01AD99517003FC87E /* Supporting Files */ = {
			isa = PBXGroup;
			children = (
				00E356F11AD99517003FC87E /* Info.plist */,
			);
			name = "Supporting Files";
			sourceTree = "<group>";
		};
		13B07FAE1A68108700A75B9A /* NewsApp */ = {
			isa = PBXGroup;
			children = (
				008F07F21AC5B25A0029DE68 /* main.jsbundle */,
				13B07FAF1A68108700A75B9A /* AppDelegate.h */,
				13B07FB01A68108700A75B9A /* AppDelegate.m */,
				13B07FB51A68108700A75B9A /* Images.xcassets */,
				13B07FB61A68108700A75B9A /* Info.plist */,
				13B07FB11A68108700A75B9A /* LaunchScreen.xib */,
				13B07FB71A68108700A75B9A /* main.m */,
			);
			name = NewsApp;
			sourceTree = "<group>";
		};
		2D16E6871FA4F8E400B85C8A /* Frameworks */ = {
			isa = PBXGroup;
			children = (
				ED297162215061F000B7C4FE /* JavaScriptCore.framework */,
				ED2971642150620600B7C4FE /* JavaScriptCore.framework */,
				85168F432472C8F33CD49B25 /* libPods-NewsApp.a */,
				D60E5657C161AD5E5D250F0E /* libPods-NewsApp-NewsAppTests.a */,
				40CE38D05E22576A65CC694B /* libPods-NewsApp-tvOS.a */,
				2DF4618E68366A9F070FCC47 /* libPods-NewsApp-tvOSTests.a */,
			);
			name = Frameworks;
			sourceTree = "<group>";
		};
		6A8BB8840A3E5390237CCE56 /* Pods */ = {
			isa = PBXGroup;
			children = (
				02EE0C5092E7F82DEDE469B7 /* Pods-NewsApp.debug.xcconfig */,
				B95F9018C6088352B5CE04B4 /* Pods-NewsApp.release.xcconfig */,
				1F40F19BF0A352ABEE3D02BE /* Pods-NewsApp-NewsAppTests.debug.xcconfig */,
				5A7FCE5DF516F3828BF12D6E /* Pods-NewsApp-NewsAppTests.release.xcconfig */,
				0E06AD658D03A48AA031642C /* Pods-NewsApp-tvOS.debug.xcconfig */,
				63AC1E5CD40E219D96324D17 /* Pods-NewsApp-tvOS.release.xcconfig */,
				D140F4A5EF6D563EEA5BE8EF /* Pods-NewsApp-tvOSTests.debug.xcconfig */,
				C2F36AE0069F62707C0A9B8C /* Pods-NewsApp-tvOSTests.release.xcconfig */,
			);
			name = Pods;
			path = Pods;
			sourceTree = "<group>";
		};
		832341AE1AAA6A7D00B99B32 /* Libraries */ = {
			isa = PBXGroup;
			children = (
			);
			name = Libraries;
			sourceTree = "<group>";
		};
		83CBB9F61A601CBA00E9B192 = {
			isa = PBXGroup;
			children = (
				13B07FAE1A68108700A75B9A /* NewsApp */,
				832341AE1AAA6A7D00B99B32 /* Libraries */,
				00E356EF1AD99517003FC87E /* NewsAppTests */,
				83CBBA001A601CBA00E9B192 /* Products */,
				2D16E6871FA4F8E400B85C8A /* Frameworks */,
				6A8BB8840A3E5390237CCE56 /* Pods */,
				9496A3C0B60E4197A769D25C /* Resources */,
			);
			indentWidth = 2;
			sourceTree = "<group>";
			tabWidth = 2;
			usesTabs = 0;
		};
		83CBBA001A601CBA00E9B192 /* Products */ = {
			isa = PBXGroup;
			children = (
				13B07F961A680F5B00A75B9A /* NewsApp.app */,
				00E356EE1AD99517003FC87E /* NewsAppTests.xctest */,
				2D02E47B1E0B4A5D006451C7 /* NewsApp-tvOS.app */,
				2D02E4901E0B4A5D006451C7 /* NewsApp-tvOSTests.xctest */,
			);
			name = Products;
			sourceTree = "<group>";
		};
		9496A3C0B60E4197A769D25C /* Resources */ = {
			isa = PBXGroup;
			children = (
				58D89A797AF941BBBDD3E95B /* AntDesign.ttf */,
				3C1ED17287BD4314BD0C6C53 /* Entypo.ttf */,
				3E0949CCD08F4CFCA306E516 /* EvilIcons.ttf */,
				95362D59632A415FBBED4C0D /* Feather.ttf */,
				C69A4B59B00B48A6B09249E4 /* FontAwesome.ttf */,
				E80B55457EAD4D13A2CB5DCD /* FontAwesome5_Brands.ttf */,
				C27B1FFF3DC14694B239A388 /* FontAwesome5_Regular.ttf */,
				656828C34AB34CCA80AD6D44 /* FontAwesome5_Solid.ttf */,
				95798261D9A546AD9DFC4A80 /* Fontisto.ttf */,
				3699B6F8D1BC4B62BE47CC37 /* Foundation.ttf */,
				A634006E8C664AF1B63621FF /* Ionicons.ttf */,
				E09F2A997292483086C66ACF /* MaterialCommunityIcons.ttf */,
				CF64C3586BB44337859B9F9D /* MaterialIcons.ttf */,
				BDB4B5ACE15545F5BE3575C5 /* Octicons.ttf */,
				84682A622BBB4BB1A4FFF544 /* SimpleLineIcons.ttf */,
				FA53C7F3E1354DECBA8605F2 /* Zocial.ttf */,
				5DE1872B7C8E4B3483F55E11 /* cheltenham-cond-normal-300.ttf */,
				31A6F4526FE94975B6D4FF65 /* cheltenham-cond-normal-500.ttf */,
				4A5F161F4527407EBDADD4A3 /* cheltenham-cond-normal-700.ttf */,
				D38EE543CD5841E0999ED112 /* cheltenham-italic-200.ttf */,
				247268F2FB85494ABCAB25A6 /* cheltenham-italic-300.ttf */,
				B62D9AB8A0924AAFA80A6DAD /* cheltenham-italic-400.ttf */,
				E9D04CC48C2041D4B8295B34 /* cheltenham-italic-500.ttf */,
				1364BCE6D37446C7808C8644 /* cheltenham-italic-700.ttf */,
				CDB18565F87544C1A1AAFCEA /* cheltenham-italic-800.ttf */,
				F98DDDA4976B465BBD94D435 /* cheltenham-normal-200.ttf */,
				098621B08794432DB9117A2A /* cheltenham-normal-300.ttf */,
				9270FB3D46244A49A12B5F4A /* cheltenham-normal-400.ttf */,
				275807500E6F4A5F9F254FE2 /* cheltenham-normal-500.ttf */,
				55892937D31A40778749E8D2 /* cheltenham-normal-700.ttf */,
				A0B75B69AD76488296908280 /* cheltenham-normal-800.ttf */,
				7AE18C74DC97457896831F5C /* cheltenham-scaps-normal-300.ttf */,
				BC8953245D85401A9B488837 /* cheltenham-small-italic-400.ttf */,
				843CD1DA7D9B4D0C8D1F6BD3 /* cheltenham-small-italic-700.ttf */,
				A2633371846C4DA2909B7DB0 /* cheltenham-small-normal-400.ttf */,
				3C23111BBA9A43B5A129299C /* cheltenham-small-normal-700.ttf */,
				5E9004AA976F44FC90610C7E /* cheltenham-wide-italic-400.ttf */,
				5A0896B095F2480291DF004A /* cheltenham-wide-normal-400.ttf */,
				11017EA2B18C4DF49B5F5624 /* cheltenham-xcond-normal-700.ttf */,
				95F1E1FC33804B0B86CD7D27 /* imperial-italic-500.ttf */,
				B39DCA370CCB4D2A894B2324 /* imperial-italic-600.ttf */,
				09386C792C6348C59DE4E6A0 /* imperial-italic-700.ttf */,
				71336E8BBB7849AAA2CFCA23 /* imperial-normal-500.ttf */,
				BF9728BB52B64B1A87AC99C2 /* imperial-normal-600.ttf */,
				83B176955E9849BDB1D49B52 /* imperial-normal-700.ttf */,
				D0346038CD3140B78CF79E31 /* imperial-normal-500.ttf */,
			);
			name = Resources;
			path = "";
			sourceTree = "<group>";
		};
/* End PBXGroup section */

/* Begin PBXNativeTarget section */
		00E356ED1AD99517003FC87E /* NewsAppTests */ = {
			isa = PBXNativeTarget;
			buildConfigurationList = 00E357021AD99517003FC87E /* Build configuration list for PBXNativeTarget "NewsAppTests" */;
			buildPhases = (
				D30F9E33BF51FFEA0DBB2A91 /* [CP] Check Pods Manifest.lock */,
				00E356EA1AD99517003FC87E /* Sources */,
				00E356EB1AD99517003FC87E /* Frameworks */,
				00E356EC1AD99517003FC87E /* Resources */,
			);
			buildRules = (
			);
			dependencies = (
				00E356F51AD99517003FC87E /* PBXTargetDependency */,
			);
			name = NewsAppTests;
			productName = NewsAppTests;
			productReference = 00E356EE1AD99517003FC87E /* NewsAppTests.xctest */;
			productType = "com.apple.product-type.bundle.unit-test";
		};
		13B07F861A680F5B00A75B9A /* NewsApp */ = {
			isa = PBXNativeTarget;
			buildConfigurationList = 13B07F931A680F5B00A75B9A /* Build configuration list for PBXNativeTarget "NewsApp" */;
			buildPhases = (
				4DE7F17AF023DF65D335BAE6 /* [CP] Check Pods Manifest.lock */,
				FD10A7F022414F080027D42C /* Start Packager */,
				13B07F871A680F5B00A75B9A /* Sources */,
				13B07F8C1A680F5B00A75B9A /* Frameworks */,
				13B07F8E1A680F5B00A75B9A /* Resources */,
				00DD1BFF1BD5951E006B06BC /* Bundle React Native code and images */,
				3346E8E06D59E6B30AA19D65 /* [CP] Copy Pods Resources */,
			);
			buildRules = (
			);
			dependencies = (
			);
			name = NewsApp;
			productName = NewsApp;
			productReference = 13B07F961A680F5B00A75B9A /* NewsApp.app */;
			productType = "com.apple.product-type.application";
		};
		2D02E47A1E0B4A5D006451C7 /* NewsApp-tvOS */ = {
			isa = PBXNativeTarget;
			buildConfigurationList = 2D02E4BA1E0B4A5E006451C7 /* Build configuration list for PBXNativeTarget "NewsApp-tvOS" */;
			buildPhases = (
				1E85E5ED1F0A8F579C3D033C /* [CP] Check Pods Manifest.lock */,
				FD10A7F122414F3F0027D42C /* Start Packager */,
				2D02E4771E0B4A5D006451C7 /* Sources */,
				2D02E4781E0B4A5D006451C7 /* Frameworks */,
				2D02E4791E0B4A5D006451C7 /* Resources */,
				2D02E4CB1E0B4B27006451C7 /* Bundle React Native Code And Images */,
			);
			buildRules = (
			);
			dependencies = (
			);
			name = "NewsApp-tvOS";
			productName = "NewsApp-tvOS";
			productReference = 2D02E47B1E0B4A5D006451C7 /* NewsApp-tvOS.app */;
			productType = "com.apple.product-type.application";
		};
		2D02E48F1E0B4A5D006451C7 /* NewsApp-tvOSTests */ = {
			isa = PBXNativeTarget;
			buildConfigurationList = 2D02E4BB1E0B4A5E006451C7 /* Build configuration list for PBXNativeTarget "NewsApp-tvOSTests" */;
			buildPhases = (
				46871FE0AFA0C1CB66439663 /* [CP] Check Pods Manifest.lock */,
				2D02E48C1E0B4A5D006451C7 /* Sources */,
				2D02E48D1E0B4A5D006451C7 /* Frameworks */,
				2D02E48E1E0B4A5D006451C7 /* Resources */,
			);
			buildRules = (
			);
			dependencies = (
				2D02E4921E0B4A5D006451C7 /* PBXTargetDependency */,
			);
			name = "NewsApp-tvOSTests";
			productName = "NewsApp-tvOSTests";
			productReference = 2D02E4901E0B4A5D006451C7 /* NewsApp-tvOSTests.xctest */;
			productType = "com.apple.product-type.bundle.unit-test";
		};
/* End PBXNativeTarget section */

/* Begin PBXProject section */
		83CBB9F71A601CBA00E9B192 /* Project object */ = {
			isa = PBXProject;
			attributes = {
				LastUpgradeCheck = 1130;
				TargetAttributes = {
					00E356ED1AD99517003FC87E = {
						CreatedOnToolsVersion = 6.2;
						TestTargetID = 13B07F861A680F5B00A75B9A;
					};
					13B07F861A680F5B00A75B9A = {
						LastSwiftMigration = 1120;
					};
					2D02E47A1E0B4A5D006451C7 = {
						CreatedOnToolsVersion = 8.2.1;
						ProvisioningStyle = Automatic;
					};
					2D02E48F1E0B4A5D006451C7 = {
						CreatedOnToolsVersion = 8.2.1;
						ProvisioningStyle = Automatic;
						TestTargetID = 2D02E47A1E0B4A5D006451C7;
					};
				};
			};
			buildConfigurationList = 83CBB9FA1A601CBA00E9B192 /* Build configuration list for PBXProject "NewsApp" */;
			compatibilityVersion = "Xcode 3.2";
			developmentRegion = en;
			hasScannedForEncodings = 0;
			knownRegions = (
				en,
				Base,
			);
			mainGroup = 83CBB9F61A601CBA00E9B192;
			productRefGroup = 83CBBA001A601CBA00E9B192 /* Products */;
			projectDirPath = "";
			projectRoot = "";
			targets = (
				13B07F861A680F5B00A75B9A /* NewsApp */,
				00E356ED1AD99517003FC87E /* NewsAppTests */,
				2D02E47A1E0B4A5D006451C7 /* NewsApp-tvOS */,
				2D02E48F1E0B4A5D006451C7 /* NewsApp-tvOSTests */,
			);
		};
/* End PBXProject section */

/* Begin PBXResourcesBuildPhase section */
		00E356EC1AD99517003FC87E /* Resources */ = {
			isa = PBXResourcesBuildPhase;
			buildActionMask = 2147483647;
			files = (
			);
			runOnlyForDeploymentPostprocessing = 0;
		};
		13B07F8E1A680F5B00A75B9A /* Resources */ = {
			isa = PBXResourcesBuildPhase;
			buildActionMask = 2147483647;
			files = (
				13B07FBF1A68108700A75B9A /* Images.xcassets in Resources */,
				13B07FBD1A68108700A75B9A /* LaunchScreen.xib in Resources */,
				D3C5060BF8294A3C81E17462 /* AntDesign.ttf in Resources */,
				B609531310AA44C69898CB09 /* Entypo.ttf in Resources */,
				FB8B1E70E14C4084B65C4221 /* EvilIcons.ttf in Resources */,
				18523525554F4F879241D2B4 /* Feather.ttf in Resources */,
				D54848B16A88468EA7279D8D /* FontAwesome.ttf in Resources */,
				620ECD13923A47EAB25B49A2 /* FontAwesome5_Brands.ttf in Resources */,
				521F987EF5274C9A8912EA09 /* FontAwesome5_Regular.ttf in Resources */,
				B7E073DA3AA241018C310E2C /* FontAwesome5_Solid.ttf in Resources */,
				8A08AB9EC3AD4D5DA6A35E0C /* Fontisto.ttf in Resources */,
				B5688461FA0547C590EF020E /* Foundation.ttf in Resources */,
				5D8832097AF444A3B4457021 /* Ionicons.ttf in Resources */,
				9CDD3282DAC74ED187A19818 /* MaterialCommunityIcons.ttf in Resources */,
				BAAA1CE475AE40DC9A0D21E8 /* MaterialIcons.ttf in Resources */,
				DFF407B1D0B44C5EA882CA8D /* Octicons.ttf in Resources */,
				5D96EE91BF1940B985566453 /* SimpleLineIcons.ttf in Resources */,
				1026F737E910442A9A08B22C /* Zocial.ttf in Resources */,
				9A61F8EC9A794FE480ADBF95 /* cheltenham-cond-normal-300.ttf in Resources */,
				5760FD9A47D445E69F17FD92 /* cheltenham-cond-normal-500.ttf in Resources */,
				9D41081C5E64410B9AEA5FB3 /* cheltenham-cond-normal-700.ttf in Resources */,
				4B761084DD184130802836D9 /* cheltenham-italic-200.ttf in Resources */,
				5CB509EEED5E47C89B3C04DA /* cheltenham-italic-300.ttf in Resources */,
				E96BA8CE3E29420C82151C04 /* cheltenham-italic-400.ttf in Resources */,
				6BF43E61BF7845A197643CC6 /* cheltenham-italic-500.ttf in Resources */,
				ECF81BD410124A1AB3955107 /* cheltenham-italic-700.ttf in Resources */,
				02EFCA2577FD47F3963C4B6B /* cheltenham-italic-800.ttf in Resources */,
				7FE357A2595546108743E7ED /* cheltenham-normal-200.ttf in Resources */,
				A1DCA7EE287148C88A1908CE /* cheltenham-normal-300.ttf in Resources */,
				0E19426D9D764D0A92A626EB /* cheltenham-normal-400.ttf in Resources */,
				434F6C0E925944DF87B7FC28 /* cheltenham-normal-500.ttf in Resources */,
				E6BBB1C8683542258F5C9EF0 /* cheltenham-normal-700.ttf in Resources */,
				8A15C7B45CC2475E86EF4B0E /* cheltenham-normal-800.ttf in Resources */,
				ADA7FC164EC54F88A28A46A6 /* cheltenham-scaps-normal-300.ttf in Resources */,
				8962C34970764A48A6F7290E /* cheltenham-small-italic-400.ttf in Resources */,
				9D6A044401DD411E9175141A /* cheltenham-small-italic-700.ttf in Resources */,
				C7D95C0BBDD8468EB67C4689 /* cheltenham-small-normal-400.ttf in Resources */,
				DE53C60595ED44029D5976DB /* cheltenham-small-normal-700.ttf in Resources */,
				0FE357DA9C6C4302AA3F3EAE /* cheltenham-wide-italic-400.ttf in Resources */,
				5877EBA5C2E84F20AAF159BB /* cheltenham-wide-normal-400.ttf in Resources */,
				310BE1C61604400EA1FFA605 /* cheltenham-xcond-normal-700.ttf in Resources */,
				96280A6C3F9C4BFF98F7F95D /* imperial-italic-500.ttf in Resources */,
				9F93ED80A4AA4AF29AFE98F3 /* imperial-italic-600.ttf in Resources */,
				C9F27141A4544809B1662B52 /* imperial-italic-700.ttf in Resources */,
				CE1628A13FC345F29D4DB225 /* imperial-normal-500.ttf in Resources */,
				8FA43010923643EAB6E6D61D /* imperial-normal-600.ttf in Resources */,
				060E0DD1DAB7428D84FD6A31 /* imperial-normal-700.ttf in Resources */,
			);
			runOnlyForDeploymentPostprocessing = 0;
		};
		2D02E4791E0B4A5D006451C7 /* Resources */ = {
			isa = PBXResourcesBuildPhase;
			buildActionMask = 2147483647;
			files = (
				2D02E4BD1E0B4A84006451C7 /* Images.xcassets in Resources */,
			);
			runOnlyForDeploymentPostprocessing = 0;
		};
		2D02E48E1E0B4A5D006451C7 /* Resources */ = {
			isa = PBXResourcesBuildPhase;
			buildActionMask = 2147483647;
			files = (
			);
			runOnlyForDeploymentPostprocessing = 0;
		};
/* End PBXResourcesBuildPhase section */

/* Begin PBXShellScriptBuildPhase section */
		00DD1BFF1BD5951E006B06BC /* Bundle React Native code and images */ = {
			isa = PBXShellScriptBuildPhase;
			buildActionMask = 2147483647;
			files = (
			);
			inputPaths = (
			);
			name = "Bundle React Native code and images";
			outputPaths = (
			);
			runOnlyForDeploymentPostprocessing = 0;
			shellPath = /bin/sh;
			shellScript = "export NODE_BINARY=node\n../node_modules/react-native/scripts/react-native-xcode.sh";
		};
		1E85E5ED1F0A8F579C3D033C /* [CP] Check Pods Manifest.lock */ = {
			isa = PBXShellScriptBuildPhase;
			buildActionMask = 2147483647;
			files = (
			);
			inputFileListPaths = (
			);
			inputPaths = (
				"${PODS_PODFILE_DIR_PATH}/Podfile.lock",
				"${PODS_ROOT}/Manifest.lock",
			);
			name = "[CP] Check Pods Manifest.lock";
			outputFileListPaths = (
			);
			outputPaths = (
				"$(DERIVED_FILE_DIR)/Pods-NewsApp-tvOS-checkManifestLockResult.txt",
			);
			runOnlyForDeploymentPostprocessing = 0;
			shellPath = /bin/sh;
			shellScript = "diff \"${PODS_PODFILE_DIR_PATH}/Podfile.lock\" \"${PODS_ROOT}/Manifest.lock\" > /dev/null\nif [ $? != 0 ] ; then\n    # print error to STDERR\n    echo \"error: The sandbox is not in sync with the Podfile.lock. Run 'pod install' or update your CocoaPods installation.\" >&2\n    exit 1\nfi\n# This output is used by Xcode 'outputs' to avoid re-running this script phase.\necho \"SUCCESS\" > \"${SCRIPT_OUTPUT_FILE_0}\"\n";
			showEnvVarsInLog = 0;
		};
		2D02E4CB1E0B4B27006451C7 /* Bundle React Native Code And Images */ = {
			isa = PBXShellScriptBuildPhase;
			buildActionMask = 2147483647;
			files = (
			);
			inputPaths = (
			);
			name = "Bundle React Native Code And Images";
			outputPaths = (
			);
			runOnlyForDeploymentPostprocessing = 0;
			shellPath = /bin/sh;
			shellScript = "export NODE_BINARY=node\n../node_modules/react-native/scripts/react-native-xcode.sh";
		};
		3346E8E06D59E6B30AA19D65 /* [CP] Copy Pods Resources */ = {
			isa = PBXShellScriptBuildPhase;
			buildActionMask = 2147483647;
			files = (
			);
			inputPaths = (
				"${PODS_ROOT}/Target Support Files/Pods-NewsApp/Pods-NewsApp-resources.sh",
				"${PODS_ROOT}/../../node_modules/react-native-vector-icons/Fonts/AntDesign.ttf",
				"${PODS_ROOT}/../../node_modules/react-native-vector-icons/Fonts/Entypo.ttf",
				"${PODS_ROOT}/../../node_modules/react-native-vector-icons/Fonts/EvilIcons.ttf",
				"${PODS_ROOT}/../../node_modules/react-native-vector-icons/Fonts/Feather.ttf",
				"${PODS_ROOT}/../../node_modules/react-native-vector-icons/Fonts/FontAwesome.ttf",
				"${PODS_ROOT}/../../node_modules/react-native-vector-icons/Fonts/FontAwesome5_Brands.ttf",
				"${PODS_ROOT}/../../node_modules/react-native-vector-icons/Fonts/FontAwesome5_Regular.ttf",
				"${PODS_ROOT}/../../node_modules/react-native-vector-icons/Fonts/FontAwesome5_Solid.ttf",
				"${PODS_ROOT}/../../node_modules/react-native-vector-icons/Fonts/Fontisto.ttf",
				"${PODS_ROOT}/../../node_modules/react-native-vector-icons/Fonts/Foundation.ttf",
				"${PODS_ROOT}/../../node_modules/react-native-vector-icons/Fonts/Ionicons.ttf",
				"${PODS_ROOT}/../../node_modules/react-native-vector-icons/Fonts/MaterialCommunityIcons.ttf",
				"${PODS_ROOT}/../../node_modules/react-native-vector-icons/Fonts/MaterialIcons.ttf",
				"${PODS_ROOT}/../../node_modules/react-native-vector-icons/Fonts/Octicons.ttf",
				"${PODS_ROOT}/../../node_modules/react-native-vector-icons/Fonts/SimpleLineIcons.ttf",
				"${PODS_ROOT}/../../node_modules/react-native-vector-icons/Fonts/Zocial.ttf",
			);
			name = "[CP] Copy Pods Resources";
			outputPaths = (
				"${TARGET_BUILD_DIR}/${UNLOCALIZED_RESOURCES_FOLDER_PATH}/AntDesign.ttf",
				"${TARGET_BUILD_DIR}/${UNLOCALIZED_RESOURCES_FOLDER_PATH}/Entypo.ttf",
				"${TARGET_BUILD_DIR}/${UNLOCALIZED_RESOURCES_FOLDER_PATH}/EvilIcons.ttf",
				"${TARGET_BUILD_DIR}/${UNLOCALIZED_RESOURCES_FOLDER_PATH}/Feather.ttf",
				"${TARGET_BUILD_DIR}/${UNLOCALIZED_RESOURCES_FOLDER_PATH}/FontAwesome.ttf",
				"${TARGET_BUILD_DIR}/${UNLOCALIZED_RESOURCES_FOLDER_PATH}/FontAwesome5_Brands.ttf",
				"${TARGET_BUILD_DIR}/${UNLOCALIZED_RESOURCES_FOLDER_PATH}/FontAwesome5_Regular.ttf",
				"${TARGET_BUILD_DIR}/${UNLOCALIZED_RESOURCES_FOLDER_PATH}/FontAwesome5_Solid.ttf",
				"${TARGET_BUILD_DIR}/${UNLOCALIZED_RESOURCES_FOLDER_PATH}/Fontisto.ttf",
				"${TARGET_BUILD_DIR}/${UNLOCALIZED_RESOURCES_FOLDER_PATH}/Foundation.ttf",
				"${TARGET_BUILD_DIR}/${UNLOCALIZED_RESOURCES_FOLDER_PATH}/Ionicons.ttf",
				"${TARGET_BUILD_DIR}/${UNLOCALIZED_RESOURCES_FOLDER_PATH}/MaterialCommunityIcons.ttf",
				"${TARGET_BUILD_DIR}/${UNLOCALIZED_RESOURCES_FOLDER_PATH}/MaterialIcons.ttf",
				"${TARGET_BUILD_DIR}/${UNLOCALIZED_RESOURCES_FOLDER_PATH}/Octicons.ttf",
				"${TARGET_BUILD_DIR}/${UNLOCALIZED_RESOURCES_FOLDER_PATH}/SimpleLineIcons.ttf",
				"${TARGET_BUILD_DIR}/${UNLOCALIZED_RESOURCES_FOLDER_PATH}/Zocial.ttf",
			);
			runOnlyForDeploymentPostprocessing = 0;
			shellPath = /bin/sh;
			shellScript = "\"${PODS_ROOT}/Target Support Files/Pods-NewsApp/Pods-NewsApp-resources.sh\"\n";
			showEnvVarsInLog = 0;
		};
		46871FE0AFA0C1CB66439663 /* [CP] Check Pods Manifest.lock */ = {
			isa = PBXShellScriptBuildPhase;
			buildActionMask = 2147483647;
			files = (
			);
			inputFileListPaths = (
			);
			inputPaths = (
				"${PODS_PODFILE_DIR_PATH}/Podfile.lock",
				"${PODS_ROOT}/Manifest.lock",
			);
			name = "[CP] Check Pods Manifest.lock";
			outputFileListPaths = (
			);
			outputPaths = (
				"$(DERIVED_FILE_DIR)/Pods-NewsApp-tvOSTests-checkManifestLockResult.txt",
			);
			runOnlyForDeploymentPostprocessing = 0;
			shellPath = /bin/sh;
			shellScript = "diff \"${PODS_PODFILE_DIR_PATH}/Podfile.lock\" \"${PODS_ROOT}/Manifest.lock\" > /dev/null\nif [ $? != 0 ] ; then\n    # print error to STDERR\n    echo \"error: The sandbox is not in sync with the Podfile.lock. Run 'pod install' or update your CocoaPods installation.\" >&2\n    exit 1\nfi\n# This output is used by Xcode 'outputs' to avoid re-running this script phase.\necho \"SUCCESS\" > \"${SCRIPT_OUTPUT_FILE_0}\"\n";
			showEnvVarsInLog = 0;
		};
		4DE7F17AF023DF65D335BAE6 /* [CP] Check Pods Manifest.lock */ = {
			isa = PBXShellScriptBuildPhase;
			buildActionMask = 2147483647;
			files = (
			);
			inputFileListPaths = (
			);
			inputPaths = (
				"${PODS_PODFILE_DIR_PATH}/Podfile.lock",
				"${PODS_ROOT}/Manifest.lock",
			);
			name = "[CP] Check Pods Manifest.lock";
			outputFileListPaths = (
			);
			outputPaths = (
				"$(DERIVED_FILE_DIR)/Pods-NewsApp-checkManifestLockResult.txt",
			);
			runOnlyForDeploymentPostprocessing = 0;
			shellPath = /bin/sh;
			shellScript = "diff \"${PODS_PODFILE_DIR_PATH}/Podfile.lock\" \"${PODS_ROOT}/Manifest.lock\" > /dev/null\nif [ $? != 0 ] ; then\n    # print error to STDERR\n    echo \"error: The sandbox is not in sync with the Podfile.lock. Run 'pod install' or update your CocoaPods installation.\" >&2\n    exit 1\nfi\n# This output is used by Xcode 'outputs' to avoid re-running this script phase.\necho \"SUCCESS\" > \"${SCRIPT_OUTPUT_FILE_0}\"\n";
			showEnvVarsInLog = 0;
		};
		D30F9E33BF51FFEA0DBB2A91 /* [CP] Check Pods Manifest.lock */ = {
			isa = PBXShellScriptBuildPhase;
			buildActionMask = 2147483647;
			files = (
			);
			inputFileListPaths = (
			);
			inputPaths = (
				"${PODS_PODFILE_DIR_PATH}/Podfile.lock",
				"${PODS_ROOT}/Manifest.lock",
			);
			name = "[CP] Check Pods Manifest.lock";
			outputFileListPaths = (
			);
			outputPaths = (
				"$(DERIVED_FILE_DIR)/Pods-NewsApp-NewsAppTests-checkManifestLockResult.txt",
			);
			runOnlyForDeploymentPostprocessing = 0;
			shellPath = /bin/sh;
			shellScript = "diff \"${PODS_PODFILE_DIR_PATH}/Podfile.lock\" \"${PODS_ROOT}/Manifest.lock\" > /dev/null\nif [ $? != 0 ] ; then\n    # print error to STDERR\n    echo \"error: The sandbox is not in sync with the Podfile.lock. Run 'pod install' or update your CocoaPods installation.\" >&2\n    exit 1\nfi\n# This output is used by Xcode 'outputs' to avoid re-running this script phase.\necho \"SUCCESS\" > \"${SCRIPT_OUTPUT_FILE_0}\"\n";
			showEnvVarsInLog = 0;
		};
		FD10A7F022414F080027D42C /* Start Packager */ = {
			isa = PBXShellScriptBuildPhase;
			buildActionMask = 2147483647;
			files = (
			);
			inputFileListPaths = (
			);
			inputPaths = (
			);
			name = "Start Packager";
			outputFileListPaths = (
			);
			outputPaths = (
			);
			runOnlyForDeploymentPostprocessing = 0;
			shellPath = /bin/sh;
			shellScript = "export RCT_METRO_PORT=\"${RCT_METRO_PORT:=8081}\"\necho \"export RCT_METRO_PORT=${RCT_METRO_PORT}\" > \"${SRCROOT}/../node_modules/react-native/scripts/.packager.env\"\nif [ -z \"${RCT_NO_LAUNCH_PACKAGER+xxx}\" ] ; then\n  if nc -w 5 -z localhost ${RCT_METRO_PORT} ; then\n    if ! curl -s \"http://localhost:${RCT_METRO_PORT}/status\" | grep -q \"packager-status:running\" ; then\n      echo \"Port ${RCT_METRO_PORT} already in use, packager is either not running or not running correctly\"\n      exit 2\n    fi\n  else\n    open \"$SRCROOT/../node_modules/react-native/scripts/launchPackager.command\" || echo \"Can't start packager automatically\"\n  fi\nfi\n";
			showEnvVarsInLog = 0;
		};
		FD10A7F122414F3F0027D42C /* Start Packager */ = {
			isa = PBXShellScriptBuildPhase;
			buildActionMask = 2147483647;
			files = (
			);
			inputFileListPaths = (
			);
			inputPaths = (
			);
			name = "Start Packager";
			outputFileListPaths = (
			);
			outputPaths = (
			);
			runOnlyForDeploymentPostprocessing = 0;
			shellPath = /bin/sh;
			shellScript = "export RCT_METRO_PORT=\"${RCT_METRO_PORT:=8081}\"\necho \"export RCT_METRO_PORT=${RCT_METRO_PORT}\" > \"${SRCROOT}/../node_modules/react-native/scripts/.packager.env\"\nif [ -z \"${RCT_NO_LAUNCH_PACKAGER+xxx}\" ] ; then\n  if nc -w 5 -z localhost ${RCT_METRO_PORT} ; then\n    if ! curl -s \"http://localhost:${RCT_METRO_PORT}/status\" | grep -q \"packager-status:running\" ; then\n      echo \"Port ${RCT_METRO_PORT} already in use, packager is either not running or not running correctly\"\n      exit 2\n    fi\n  else\n    open \"$SRCROOT/../node_modules/react-native/scripts/launchPackager.command\" || echo \"Can't start packager automatically\"\n  fi\nfi\n";
			showEnvVarsInLog = 0;
		};
/* End PBXShellScriptBuildPhase section */

/* Begin PBXSourcesBuildPhase section */
		00E356EA1AD99517003FC87E /* Sources */ = {
			isa = PBXSourcesBuildPhase;
			buildActionMask = 2147483647;
			files = (
				00E356F31AD99517003FC87E /* NewsAppTests.m in Sources */,
			);
			runOnlyForDeploymentPostprocessing = 0;
		};
		13B07F871A680F5B00A75B9A /* Sources */ = {
			isa = PBXSourcesBuildPhase;
			buildActionMask = 2147483647;
			files = (
				13B07FBC1A68108700A75B9A /* AppDelegate.m in Sources */,
				13B07FC11A68108700A75B9A /* main.m in Sources */,
			);
			runOnlyForDeploymentPostprocessing = 0;
		};
		2D02E4771E0B4A5D006451C7 /* Sources */ = {
			isa = PBXSourcesBuildPhase;
			buildActionMask = 2147483647;
			files = (
				2D02E4BF1E0B4AB3006451C7 /* main.m in Sources */,
				2D02E4BC1E0B4A80006451C7 /* AppDelegate.m in Sources */,
			);
			runOnlyForDeploymentPostprocessing = 0;
		};
		2D02E48C1E0B4A5D006451C7 /* Sources */ = {
			isa = PBXSourcesBuildPhase;
			buildActionMask = 2147483647;
			files = (
				2DCD954D1E0B4F2C00145EB5 /* NewsAppTests.m in Sources */,
			);
			runOnlyForDeploymentPostprocessing = 0;
		};
/* End PBXSourcesBuildPhase section */

/* Begin PBXTargetDependency section */
		00E356F51AD99517003FC87E /* PBXTargetDependency */ = {
			isa = PBXTargetDependency;
			target = 13B07F861A680F5B00A75B9A /* NewsApp */;
			targetProxy = 00E356F41AD99517003FC87E /* PBXContainerItemProxy */;
		};
		2D02E4921E0B4A5D006451C7 /* PBXTargetDependency */ = {
			isa = PBXTargetDependency;
			target = 2D02E47A1E0B4A5D006451C7 /* NewsApp-tvOS */;
			targetProxy = 2D02E4911E0B4A5D006451C7 /* PBXContainerItemProxy */;
		};
/* End PBXTargetDependency section */

/* Begin PBXVariantGroup section */
		13B07FB11A68108700A75B9A /* LaunchScreen.xib */ = {
			isa = PBXVariantGroup;
			children = (
				13B07FB21A68108700A75B9A /* Base */,
			);
			name = LaunchScreen.xib;
			path = NewsApp;
			sourceTree = "<group>";
		};
/* End PBXVariantGroup section */

/* Begin XCBuildConfiguration section */
		00E356F61AD99517003FC87E /* Debug */ = {
			isa = XCBuildConfiguration;
			baseConfigurationReference = 1F40F19BF0A352ABEE3D02BE /* Pods-NewsApp-NewsAppTests.debug.xcconfig */;
			buildSettings = {
				BUNDLE_LOADER = "$(TEST_HOST)";
				GCC_PREPROCESSOR_DEFINITIONS = (
					"DEBUG=1",
					"$(inherited)",
				);
				INFOPLIST_FILE = NewsAppTests/Info.plist;
				IPHONEOS_DEPLOYMENT_TARGET = 9.0;
				LD_RUNPATH_SEARCH_PATHS = "$(inherited) @executable_path/Frameworks @loader_path/Frameworks";
				OTHER_LDFLAGS = (
					"-ObjC",
					"-lc++",
					"$(inherited)",
				);
				PRODUCT_BUNDLE_IDENTIFIER = "org.reactjs.native.example.$(PRODUCT_NAME:rfc1034identifier)";
				PRODUCT_NAME = "$(TARGET_NAME)";
				TEST_HOST = "$(BUILT_PRODUCTS_DIR)/NewsApp.app/NewsApp";
			};
			name = Debug;
		};
		00E356F71AD99517003FC87E /* Release */ = {
			isa = XCBuildConfiguration;
			baseConfigurationReference = 5A7FCE5DF516F3828BF12D6E /* Pods-NewsApp-NewsAppTests.release.xcconfig */;
			buildSettings = {
				BUNDLE_LOADER = "$(TEST_HOST)";
				COPY_PHASE_STRIP = NO;
				INFOPLIST_FILE = NewsAppTests/Info.plist;
				IPHONEOS_DEPLOYMENT_TARGET = 9.0;
				LD_RUNPATH_SEARCH_PATHS = "$(inherited) @executable_path/Frameworks @loader_path/Frameworks";
				OTHER_LDFLAGS = (
					"-ObjC",
					"-lc++",
					"$(inherited)",
				);
				PRODUCT_BUNDLE_IDENTIFIER = "org.reactjs.native.example.$(PRODUCT_NAME:rfc1034identifier)";
				PRODUCT_NAME = "$(TARGET_NAME)";
				TEST_HOST = "$(BUILT_PRODUCTS_DIR)/NewsApp.app/NewsApp";
			};
			name = Release;
		};
		13B07F941A680F5B00A75B9A /* Debug */ = {
			isa = XCBuildConfiguration;
			baseConfigurationReference = 02EE0C5092E7F82DEDE469B7 /* Pods-NewsApp.debug.xcconfig */;
			buildSettings = {
				ASSETCATALOG_COMPILER_APPICON_NAME = AppIcon;
				CLANG_ENABLE_MODULES = YES;
				CURRENT_PROJECT_VERSION = 1;
				ENABLE_BITCODE = NO;
				GCC_PREPROCESSOR_DEFINITIONS = (
					"$(inherited)",
					"FB_SONARKIT_ENABLED=1",
				);
				INFOPLIST_FILE = NewsApp/Info.plist;
				LD_RUNPATH_SEARCH_PATHS = "$(inherited) @executable_path/Frameworks";
				OTHER_LDFLAGS = (
					"$(inherited)",
					"-ObjC",
					"-lc++",
				);
				PRODUCT_BUNDLE_IDENTIFIER = "org.reactjs.native.example.$(PRODUCT_NAME:rfc1034identifier)";
				PRODUCT_NAME = NewsApp;
				SWIFT_OPTIMIZATION_LEVEL = "-Onone";
				SWIFT_VERSION = 5.0;
				VERSIONING_SYSTEM = "apple-generic";
			};
			name = Debug;
		};
		13B07F951A680F5B00A75B9A /* Release */ = {
			isa = XCBuildConfiguration;
			baseConfigurationReference = B95F9018C6088352B5CE04B4 /* Pods-NewsApp.release.xcconfig */;
			buildSettings = {
				ASSETCATALOG_COMPILER_APPICON_NAME = AppIcon;
				CLANG_ENABLE_MODULES = YES;
				CURRENT_PROJECT_VERSION = 1;
				INFOPLIST_FILE = NewsApp/Info.plist;
				LD_RUNPATH_SEARCH_PATHS = "$(inherited) @executable_path/Frameworks";
				OTHER_LDFLAGS = (
					"$(inherited)",
					"-ObjC",
					"-lc++",
				);
				PRODUCT_BUNDLE_IDENTIFIER = "org.reactjs.native.example.$(PRODUCT_NAME:rfc1034identifier)";
				PRODUCT_NAME = NewsApp;
				SWIFT_VERSION = 5.0;
				VERSIONING_SYSTEM = "apple-generic";
			};
			name = Release;
		};
		2D02E4971E0B4A5E006451C7 /* Debug */ = {
			isa = XCBuildConfiguration;
			baseConfigurationReference = 0E06AD658D03A48AA031642C /* Pods-NewsApp-tvOS.debug.xcconfig */;
			buildSettings = {
				ASSETCATALOG_COMPILER_APPICON_NAME = "App Icon & Top Shelf Image";
				ASSETCATALOG_COMPILER_LAUNCHIMAGE_NAME = LaunchImage;
				CLANG_ANALYZER_NONNULL = YES;
				CLANG_WARN_DOCUMENTATION_COMMENTS = YES;
				CLANG_WARN_INFINITE_RECURSION = YES;
				CLANG_WARN_SUSPICIOUS_MOVE = YES;
				DEBUG_INFORMATION_FORMAT = dwarf;
				ENABLE_TESTABILITY = YES;
				GCC_NO_COMMON_BLOCKS = YES;
				INFOPLIST_FILE = "NewsApp-tvOS/Info.plist";
				LD_RUNPATH_SEARCH_PATHS = "$(inherited) @executable_path/Frameworks";
				OTHER_LDFLAGS = (
					"$(inherited)",
					"-ObjC",
					"-lc++",
				);
				PRODUCT_BUNDLE_IDENTIFIER = "org.reactjs.native.example.NewsApp-tvOS";
				PRODUCT_NAME = "$(TARGET_NAME)";
				SDKROOT = appletvos;
				TARGETED_DEVICE_FAMILY = 3;
				TVOS_DEPLOYMENT_TARGET = 9.2;
			};
			name = Debug;
		};
		2D02E4981E0B4A5E006451C7 /* Release */ = {
			isa = XCBuildConfiguration;
			baseConfigurationReference = 63AC1E5CD40E219D96324D17 /* Pods-NewsApp-tvOS.release.xcconfig */;
			buildSettings = {
				ASSETCATALOG_COMPILER_APPICON_NAME = "App Icon & Top Shelf Image";
				ASSETCATALOG_COMPILER_LAUNCHIMAGE_NAME = LaunchImage;
				CLANG_ANALYZER_NONNULL = YES;
				CLANG_WARN_DOCUMENTATION_COMMENTS = YES;
				CLANG_WARN_INFINITE_RECURSION = YES;
				CLANG_WARN_SUSPICIOUS_MOVE = YES;
				COPY_PHASE_STRIP = NO;
				DEBUG_INFORMATION_FORMAT = "dwarf-with-dsym";
				GCC_NO_COMMON_BLOCKS = YES;
				INFOPLIST_FILE = "NewsApp-tvOS/Info.plist";
				LD_RUNPATH_SEARCH_PATHS = "$(inherited) @executable_path/Frameworks";
				OTHER_LDFLAGS = (
					"$(inherited)",
					"-ObjC",
					"-lc++",
				);
				PRODUCT_BUNDLE_IDENTIFIER = "org.reactjs.native.example.NewsApp-tvOS";
				PRODUCT_NAME = "$(TARGET_NAME)";
				SDKROOT = appletvos;
				TARGETED_DEVICE_FAMILY = 3;
				TVOS_DEPLOYMENT_TARGET = 9.2;
			};
			name = Release;
		};
		2D02E4991E0B4A5E006451C7 /* Debug */ = {
			isa = XCBuildConfiguration;
			baseConfigurationReference = D140F4A5EF6D563EEA5BE8EF /* Pods-NewsApp-tvOSTests.debug.xcconfig */;
			buildSettings = {
				BUNDLE_LOADER = "$(TEST_HOST)";
				CLANG_ANALYZER_NONNULL = YES;
				CLANG_WARN_DOCUMENTATION_COMMENTS = YES;
				CLANG_WARN_INFINITE_RECURSION = YES;
				CLANG_WARN_SUSPICIOUS_MOVE = YES;
				DEBUG_INFORMATION_FORMAT = dwarf;
				ENABLE_TESTABILITY = YES;
				GCC_NO_COMMON_BLOCKS = YES;
				INFOPLIST_FILE = "NewsApp-tvOSTests/Info.plist";
				LD_RUNPATH_SEARCH_PATHS = "$(inherited) @executable_path/Frameworks @loader_path/Frameworks";
				OTHER_LDFLAGS = (
					"$(inherited)",
					"-ObjC",
					"-lc++",
				);
				PRODUCT_BUNDLE_IDENTIFIER = "org.reactjs.native.example.NewsApp-tvOSTests";
				PRODUCT_NAME = "$(TARGET_NAME)";
				SDKROOT = appletvos;
				TEST_HOST = "$(BUILT_PRODUCTS_DIR)/NewsApp-tvOS.app/NewsApp-tvOS";
				TVOS_DEPLOYMENT_TARGET = 10.1;
			};
			name = Debug;
		};
		2D02E49A1E0B4A5E006451C7 /* Release */ = {
			isa = XCBuildConfiguration;
			baseConfigurationReference = C2F36AE0069F62707C0A9B8C /* Pods-NewsApp-tvOSTests.release.xcconfig */;
			buildSettings = {
				BUNDLE_LOADER = "$(TEST_HOST)";
				CLANG_ANALYZER_NONNULL = YES;
				CLANG_WARN_DOCUMENTATION_COMMENTS = YES;
				CLANG_WARN_INFINITE_RECURSION = YES;
				CLANG_WARN_SUSPICIOUS_MOVE = YES;
				COPY_PHASE_STRIP = NO;
				DEBUG_INFORMATION_FORMAT = "dwarf-with-dsym";
				GCC_NO_COMMON_BLOCKS = YES;
				INFOPLIST_FILE = "NewsApp-tvOSTests/Info.plist";
				LD_RUNPATH_SEARCH_PATHS = "$(inherited) @executable_path/Frameworks @loader_path/Frameworks";
				OTHER_LDFLAGS = (
					"$(inherited)",
					"-ObjC",
					"-lc++",
				);
				PRODUCT_BUNDLE_IDENTIFIER = "org.reactjs.native.example.NewsApp-tvOSTests";
				PRODUCT_NAME = "$(TARGET_NAME)";
				SDKROOT = appletvos;
				TEST_HOST = "$(BUILT_PRODUCTS_DIR)/NewsApp-tvOS.app/NewsApp-tvOS";
				TVOS_DEPLOYMENT_TARGET = 10.1;
			};
			name = Release;
		};
		83CBBA201A601CBA00E9B192 /* Debug */ = {
			isa = XCBuildConfiguration;
			buildSettings = {
				ALWAYS_SEARCH_USER_PATHS = NO;
				CLANG_ANALYZER_LOCALIZABILITY_NONLOCALIZED = YES;
				CLANG_CXX_LANGUAGE_STANDARD = "gnu++0x";
				CLANG_CXX_LIBRARY = "libc++";
				CLANG_ENABLE_MODULES = YES;
				CLANG_ENABLE_OBJC_ARC = YES;
				CLANG_WARN_BLOCK_CAPTURE_AUTORELEASING = YES;
				CLANG_WARN_BOOL_CONVERSION = YES;
				CLANG_WARN_COMMA = YES;
				CLANG_WARN_CONSTANT_CONVERSION = YES;
				CLANG_WARN_DEPRECATED_OBJC_IMPLEMENTATIONS = YES;
				CLANG_WARN_DIRECT_OBJC_ISA_USAGE = YES_ERROR;
				CLANG_WARN_EMPTY_BODY = YES;
				CLANG_WARN_ENUM_CONVERSION = YES;
				CLANG_WARN_INFINITE_RECURSION = YES;
				CLANG_WARN_INT_CONVERSION = YES;
				CLANG_WARN_NON_LITERAL_NULL_CONVERSION = YES;
				CLANG_WARN_OBJC_IMPLICIT_RETAIN_SELF = YES;
				CLANG_WARN_OBJC_LITERAL_CONVERSION = YES;
				CLANG_WARN_OBJC_ROOT_CLASS = YES_ERROR;
				CLANG_WARN_RANGE_LOOP_ANALYSIS = YES;
				CLANG_WARN_STRICT_PROTOTYPES = YES;
				CLANG_WARN_SUSPICIOUS_MOVE = YES;
				CLANG_WARN_UNREACHABLE_CODE = YES;
				CLANG_WARN__DUPLICATE_METHOD_MATCH = YES;
				"CODE_SIGN_IDENTITY[sdk=iphoneos*]" = "iPhone Developer";
				COPY_PHASE_STRIP = NO;
				ENABLE_STRICT_OBJC_MSGSEND = YES;
				ENABLE_TESTABILITY = YES;
				GCC_C_LANGUAGE_STANDARD = gnu99;
				GCC_DYNAMIC_NO_PIC = NO;
				GCC_NO_COMMON_BLOCKS = YES;
				GCC_OPTIMIZATION_LEVEL = 0;
				GCC_PREPROCESSOR_DEFINITIONS = (
					"DEBUG=1",
					"$(inherited)",
				);
				GCC_SYMBOLS_PRIVATE_EXTERN = NO;
				GCC_WARN_64_TO_32_BIT_CONVERSION = YES;
				GCC_WARN_ABOUT_RETURN_TYPE = YES_ERROR;
				GCC_WARN_UNDECLARED_SELECTOR = YES;
				GCC_WARN_UNINITIALIZED_AUTOS = YES_AGGRESSIVE;
				GCC_WARN_UNUSED_FUNCTION = YES;
				GCC_WARN_UNUSED_VARIABLE = YES;
				IPHONEOS_DEPLOYMENT_TARGET = 9.0;
				LD_RUNPATH_SEARCH_PATHS = "/usr/lib/swift $(inherited)";
				LIBRARY_SEARCH_PATHS = (
					"\"$(TOOLCHAIN_DIR)/usr/lib/swift/$(PLATFORM_NAME)\"",
					"\"$(TOOLCHAIN_DIR)/usr/lib/swift-5.0/$(PLATFORM_NAME)\"",
					"\"$(inherited)\"",
				);
				MTL_ENABLE_DEBUG_INFO = YES;
				ONLY_ACTIVE_ARCH = YES;
				SDKROOT = iphoneos;
			};
			name = Debug;
		};
		83CBBA211A601CBA00E9B192 /* Release */ = {
			isa = XCBuildConfiguration;
			buildSettings = {
				ALWAYS_SEARCH_USER_PATHS = NO;
				CLANG_ANALYZER_LOCALIZABILITY_NONLOCALIZED = YES;
				CLANG_CXX_LANGUAGE_STANDARD = "gnu++0x";
				CLANG_CXX_LIBRARY = "libc++";
				CLANG_ENABLE_MODULES = YES;
				CLANG_ENABLE_OBJC_ARC = YES;
				CLANG_WARN_BLOCK_CAPTURE_AUTORELEASING = YES;
				CLANG_WARN_BOOL_CONVERSION = YES;
				CLANG_WARN_COMMA = YES;
				CLANG_WARN_CONSTANT_CONVERSION = YES;
				CLANG_WARN_DEPRECATED_OBJC_IMPLEMENTATIONS = YES;
				CLANG_WARN_DIRECT_OBJC_ISA_USAGE = YES_ERROR;
				CLANG_WARN_EMPTY_BODY = YES;
				CLANG_WARN_ENUM_CONVERSION = YES;
				CLANG_WARN_INFINITE_RECURSION = YES;
				CLANG_WARN_INT_CONVERSION = YES;
				CLANG_WARN_NON_LITERAL_NULL_CONVERSION = YES;
				CLANG_WARN_OBJC_IMPLICIT_RETAIN_SELF = YES;
				CLANG_WARN_OBJC_LITERAL_CONVERSION = YES;
				CLANG_WARN_OBJC_ROOT_CLASS = YES_ERROR;
				CLANG_WARN_RANGE_LOOP_ANALYSIS = YES;
				CLANG_WARN_STRICT_PROTOTYPES = YES;
				CLANG_WARN_SUSPICIOUS_MOVE = YES;
				CLANG_WARN_UNREACHABLE_CODE = YES;
				CLANG_WARN__DUPLICATE_METHOD_MATCH = YES;
				"CODE_SIGN_IDENTITY[sdk=iphoneos*]" = "iPhone Developer";
				COPY_PHASE_STRIP = YES;
				ENABLE_NS_ASSERTIONS = NO;
				ENABLE_STRICT_OBJC_MSGSEND = YES;
				GCC_C_LANGUAGE_STANDARD = gnu99;
				GCC_NO_COMMON_BLOCKS = YES;
				GCC_WARN_64_TO_32_BIT_CONVERSION = YES;
				GCC_WARN_ABOUT_RETURN_TYPE = YES_ERROR;
				GCC_WARN_UNDECLARED_SELECTOR = YES;
				GCC_WARN_UNINITIALIZED_AUTOS = YES_AGGRESSIVE;
				GCC_WARN_UNUSED_FUNCTION = YES;
				GCC_WARN_UNUSED_VARIABLE = YES;
				IPHONEOS_DEPLOYMENT_TARGET = 9.0;
				LD_RUNPATH_SEARCH_PATHS = "/usr/lib/swift $(inherited)";
				LIBRARY_SEARCH_PATHS = (
					"\"$(TOOLCHAIN_DIR)/usr/lib/swift/$(PLATFORM_NAME)\"",
					"\"$(TOOLCHAIN_DIR)/usr/lib/swift-5.0/$(PLATFORM_NAME)\"",
					"\"$(inherited)\"",
				);
				MTL_ENABLE_DEBUG_INFO = NO;
				SDKROOT = iphoneos;
				VALIDATE_PRODUCT = YES;
			};
			name = Release;
		};
/* End XCBuildConfiguration section */

/* Begin XCConfigurationList section */
		00E357021AD99517003FC87E /* Build configuration list for PBXNativeTarget "NewsAppTests" */ = {
			isa = XCConfigurationList;
			buildConfigurations = (
				00E356F61AD99517003FC87E /* Debug */,
				00E356F71AD99517003FC87E /* Release */,
			);
			defaultConfigurationIsVisible = 0;
			defaultConfigurationName = Release;
		};
		13B07F931A680F5B00A75B9A /* Build configuration list for PBXNativeTarget "NewsApp" */ = {
			isa = XCConfigurationList;
			buildConfigurations = (
				13B07F941A680F5B00A75B9A /* Debug */,
				13B07F951A680F5B00A75B9A /* Release */,
			);
			defaultConfigurationIsVisible = 0;
			defaultConfigurationName = Release;
		};
		2D02E4BA1E0B4A5E006451C7 /* Build configuration list for PBXNativeTarget "NewsApp-tvOS" */ = {
			isa = XCConfigurationList;
			buildConfigurations = (
				2D02E4971E0B4A5E006451C7 /* Debug */,
				2D02E4981E0B4A5E006451C7 /* Release */,
			);
			defaultConfigurationIsVisible = 0;
			defaultConfigurationName = Release;
		};
		2D02E4BB1E0B4A5E006451C7 /* Build configuration list for PBXNativeTarget "NewsApp-tvOSTests" */ = {
			isa = XCConfigurationList;
			buildConfigurations = (
				2D02E4991E0B4A5E006451C7 /* Debug */,
				2D02E49A1E0B4A5E006451C7 /* Release */,
			);
			defaultConfigurationIsVisible = 0;
			defaultConfigurationName = Release;
		};
		83CBB9FA1A601CBA00E9B192 /* Build configuration list for PBXProject "NewsApp" */ = {
			isa = XCConfigurationList;
			buildConfigurations = (
				83CBBA201A601CBA00E9B192 /* Debug */,
				83CBBA211A601CBA00E9B192 /* Release */,
			);
			defaultConfigurationIsVisible = 0;
			defaultConfigurationName = Release;
		};
/* End XCConfigurationList section */
	};
	rootObject = 83CBB9F71A601CBA00E9B192 /* Project object */;
}
